
Microsoft Visual Studio Solution File, Format Version 12.00
# Visual Studio 15
VisualStudioVersion = 15.0.27428.2011
MinimumVisualStudioVersion = 10.0.40219.1
Project("{FAE04EC0-301F-11D3-BF4B-00C04F79EFBC}") = "Tullvakt", "Tullvakt\Tullvakt.csproj", "{9EE2EC62-37F1-49A3-9235-8C0B84CB76C1}"
EndProject
Project("{FAE04EC0-301F-11D3-BF4B-00C04F79EFBC}") = "Tullvakt.Domain", "Tullvakt.Domain\Tullvakt.Domain.csproj", "{03F504AC-F1CF-440C-B64F-6B9CF8D7CA75}"
EndProject
Project("{FAE04EC0-301F-11D3-BF4B-00C04F79EFBC}") = "TullTest", "TullTest\TullTest.csproj", "{7910AE03-6111-4523-B06D-12CD29378926}"
EndProject
Global
	GlobalSection(SolutionConfigurationPlatforms) = preSolution
		Debug|Any CPU = Debug|Any CPU
		Debug|ARM = Debug|ARM
		Debug|x64 = Debug|x64
		Debug|x86 = Debug|x86
		Release|Any CPU = Release|Any CPU
		Release|ARM = Release|ARM
		Release|x64 = Release|x64
		Release|x86 = Release|x86
	EndGlobalSection
	GlobalSection(ProjectConfigurationPlatforms) = postSolution
		{9EE2EC62-37F1-49A3-9235-8C0B84CB76C1}.Debug|Any CPU.ActiveCfg = Debug|Any CPU
		{9EE2EC62-37F1-49A3-9235-8C0B84CB76C1}.Debug|Any CPU.Build.0 = Debug|Any CPU
		{9EE2EC62-37F1-49A3-9235-8C0B84CB76C1}.Debug|ARM.ActiveCfg = Debug|Any CPU
		{9EE2EC62-37F1-49A3-9235-8C0B84CB76C1}.Debug|ARM.Build.0 = Debug|Any CPU
		{9EE2EC62-37F1-49A3-9235-8C0B84CB76C1}.Debug|x64.ActiveCfg = Debug|Any CPU
		{9EE2EC62-37F1-49A3-9235-8C0B84CB76C1}.Debug|x64.Build.0 = Debug|Any CPU
		{9EE2EC62-37F1-49A3-9235-8C0B84CB76C1}.Debug|x86.ActiveCfg = Debug|Any CPU
		{9EE2EC62-37F1-49A3-9235-8C0B84CB76C1}.Debug|x86.Build.0 = Debug|Any CPU
		{9EE2EC62-37F1-49A3-9235-8C0B84CB76C1}.Release|Any CPU.ActiveCfg = Release|Any CPU
		{9EE2EC62-37F1-49A3-9235-8C0B84CB76C1}.Release|Any CPU.Build.0 = Release|Any CPU
		{9EE2EC62-37F1-49A3-9235-8C0B84CB76C1}.Release|ARM.ActiveCfg = Release|Any CPU
		{9EE2EC62-37F1-49A3-9235-8C0B84CB76C1}.Release|ARM.Build.0 = Release|Any CPU
		{9EE2EC62-37F1-49A3-9235-8C0B84CB76C1}.Release|x64.ActiveCfg = Release|Any CPU
		{9EE2EC62-37F1-49A3-9235-8C0B84CB76C1}.Release|x64.Build.0 = Release|Any CPU
		{9EE2EC62-37F1-49A3-9235-8C0B84CB76C1}.Release|x86.ActiveCfg = Release|Any CPU
		{9EE2EC62-37F1-49A3-9235-8C0B84CB76C1}.Release|x86.Build.0 = Release|Any CPU
		{03F504AC-F1CF-440C-B64F-6B9CF8D7CA75}.Debug|Any CPU.ActiveCfg = Debug|Any CPU
		{03F504AC-F1CF-440C-B64F-6B9CF8D7CA75}.Debug|Any CPU.Build.0 = Debug|Any CPU
		{03F504AC-F1CF-440C-B64F-6B9CF8D7CA75}.Debug|ARM.ActiveCfg = Debug|Any CPU
		{03F504AC-F1CF-440C-B64F-6B9CF8D7CA75}.Debug|ARM.Build.0 = Debug|Any CPU
		{03F504AC-F1CF-440C-B64F-6B9CF8D7CA75}.Debug|x64.ActiveCfg = Debug|Any CPU
		{03F504AC-F1CF-440C-B64F-6B9CF8D7CA75}.Debug|x64.Build.0 = Debug|Any CPU
		{03F504AC-F1CF-440C-B64F-6B9CF8D7CA75}.Debug|x86.ActiveCfg = Debug|Any CPU
		{03F504AC-F1CF-440C-B64F-6B9CF8D7CA75}.Debug|x86.Build.0 = Debug|Any CPU
		{03F504AC-F1CF-440C-B64F-6B9CF8D7CA75}.Release|Any CPU.ActiveCfg = Release|Any CPU
		{03F504AC-F1CF-440C-B64F-6B9CF8D7CA75}.Release|Any CPU.Build.0 = Release|Any CPU
		{03F504AC-F1CF-440C-B64F-6B9CF8D7CA75}.Release|ARM.ActiveCfg = Release|Any CPU
		{03F504AC-F1CF-440C-B64F-6B9CF8D7CA75}.Release|ARM.Build.0 = Release|Any CPU
		{03F504AC-F1CF-440C-B64F-6B9CF8D7CA75}.Release|x64.ActiveCfg = Release|Any CPU
		{03F504AC-F1CF-440C-B64F-6B9CF8D7CA75}.Release|x64.Build.0 = Release|Any CPU
		{03F504AC-F1CF-440C-B64F-6B9CF8D7CA75}.Release|x86.ActiveCfg = Release|Any CPU
		{03F504AC-F1CF-440C-B64F-6B9CF8D7CA75}.Release|x86.Build.0 = Release|Any CPU
		{7910AE03-6111-4523-B06D-12CD29378926}.Debug|Any CPU.ActiveCfg = Debug|Any CPU
		{7910AE03-6111-4523-B06D-12CD29378926}.Debug|Any CPU.Build.0 = Debug|Any CPU
		{7910AE03-6111-4523-B06D-12CD29378926}.Debug|ARM.ActiveCfg = Debug|Any CPU
		{7910AE03-6111-4523-B06D-12CD29378926}.Debug|ARM.Build.0 = Debug|Any CPU
		{7910AE03-6111-4523-B06D-12CD29378926}.Debug|x64.ActiveCfg = Debug|Any CPU
		{7910AE03-6111-4523-B06D-12CD29378926}.Debug|x64.Build.0 = Debug|Any CPU
		{7910AE03-6111-4523-B06D-12CD29378926}.Debug|x86.ActiveCfg = Debug|Any CPU
		{7910AE03-6111-4523-B06D-12CD29378926}.Debug|x86.Build.0 = Debug|Any CPU
		{7910AE03-6111-4523-B06D-12CD29378926}.Release|Any CPU.ActiveCfg = Release|Any CPU
		{7910AE03-6111-4523-B06D-12CD29378926}.Release|Any CPU.Build.0 = Release|Any CPU
		{7910AE03-6111-4523-B06D-12CD29378926}.Release|ARM.ActiveCfg = Release|Any CPU
		{7910AE03-6111-4523-B06D-12CD29378926}.Release|ARM.Build.0 = Release|Any CPU
		{7910AE03-6111-4523-B06D-12CD29378926}.Release|x64.ActiveCfg = Release|Any CPU
		{7910AE03-6111-4523-B06D-12CD29378926}.Release|x64.Build.0 = Release|Any CPU
		{7910AE03-6111-4523-B06D-12CD29378926}.Release|x86.ActiveCfg = Release|Any CPU
		{7910AE03-6111-4523-B06D-12CD29378926}.Release|x86.Build.0 = Release|Any CPU
	EndGlobalSection
	GlobalSection(SolutionProperties) = preSolution
		HideSolutionNode = FALSE
	EndGlobalSection
	GlobalSection(ExtensibilityGlobals) = postSolution
		SolutionGuid = {90AA8688-6A8B-4325-A6B6-7B19ACA3B081}
	EndGlobalSection
EndGlobal
